
Microsoft Visual Studio Solution File, Format Version 12.00
# Visual Studio Version 17
VisualStudioVersion = 17.6.33829.357
MinimumVisualStudioVersion = 10.0.40219.1
Project("{9A19103F-16F7-4668-BE54-9A1E7A4F7556}") = "EFCore.DynamicOrderBy", "EFCore.DymicOrderBy\EFCore.DynamicOrderBy.csproj", "{3D828FE0-410C-4525-9FA1-2280D74DD055}"
EndProject
Project("{FAE04EC0-301F-11D3-BF4B-00C04F79EFBC}") = "EFCore.DynamicOrderBy.Demo", "EFCore.DynamicOrderBy.Demo\EFCore.DynamicOrderBy.Demo.csproj", "{F68E9378-78BA-49EC-8919-F33AF6F87DA1}"
EndProject
Global
	GlobalSection(SolutionConfigurationPlatforms) = preSolution
		Debug|Any CPU = Debug|Any CPU
		Release|Any CPU = Release|Any CPU
	EndGlobalSection
	GlobalSection(ProjectConfigurationPlatforms) = postSolution
		{3D828FE0-410C-4525-9FA1-2280D74DD055}.Debug|Any CPU.ActiveCfg = Debug|Any CPU
		{3D828FE0-410C-4525-9FA1-2280D74DD055}.Debug|Any CPU.Build.0 = Debug|Any CPU
		{3D828FE0-410C-4525-9FA1-2280D74DD055}.Release|Any CPU.ActiveCfg = Release|Any CPU
		{3D828FE0-410C-4525-9FA1-2280D74DD055}.Release|Any CPU.Build.0 = Release|Any CPU
		{F68E9378-78BA-49EC-8919-F33AF6F87DA1}.Debug|Any CPU.ActiveCfg = Debug|Any CPU
		{F68E9378-78BA-49EC-8919-F33AF6F87DA1}.Debug|Any CPU.Build.0 = Debug|Any CPU
		{F68E9378-78BA-49EC-8919-F33AF6F87DA1}.Release|Any CPU.ActiveCfg = Release|Any CPU
		{F68E9378-78BA-49EC-8919-F33AF6F87DA1}.Release|Any CPU.Build.0 = Release|Any CPU
	EndGlobalSection
	GlobalSection(SolutionProperties) = preSolution
		HideSolutionNode = FALSE
	EndGlobalSection
	GlobalSection(ExtensibilityGlobals) = postSolution
		SolutionGuid = {9B0A32BE-608E-426F-8EA6-8AFF593A598A}
	EndGlobalSection
EndGlobal
